
Microsoft Visual Studio Solution File, Format Version 12.00
# Visual Studio 15
VisualStudioVersion = 15.0.27428.2037
MinimumVisualStudioVersion = 10.0.40219.1
Project("{FAE04EC0-301F-11D3-BF4B-00C04F79EFBC}") = "CircuitBuilder", "CircuitBuilder\CircuitBuilder.csproj", "{37C79C84-571F-49F1-868D-B240CC22ACA2}"
EndProject
Project("{FAE04EC0-301F-11D3-BF4B-00C04F79EFBC}") = "CircuitBuilder.Tests", "CircuitBuilder.Tests\CircuitBuilder.Tests.csproj", "{FFD4E17C-8C92-4707-A3CE-758D71D3A1BB}"
EndProject
Global
	GlobalSection(SolutionConfigurationPlatforms) = preSolution
		Debug|Any CPU = Debug|Any CPU
		Release|Any CPU = Release|Any CPU
	EndGlobalSection
	GlobalSection(ProjectConfigurationPlatforms) = postSolution
		{37C79C84-571F-49F1-868D-B240CC22ACA2}.Debug|Any CPU.ActiveCfg = Debug|Any CPU
		{37C79C84-571F-49F1-868D-B240CC22ACA2}.Debug|Any CPU.Build.0 = Debug|Any CPU
		{37C79C84-571F-49F1-868D-B240CC22ACA2}.Release|Any CPU.ActiveCfg = Release|Any CPU
		{37C79C84-571F-49F1-868D-B240CC22ACA2}.Release|Any CPU.Build.0 = Release|Any CPU
		{FFD4E17C-8C92-4707-A3CE-758D71D3A1BB}.Debug|Any CPU.ActiveCfg = Debug|Any CPU
		{FFD4E17C-8C92-4707-A3CE-758D71D3A1BB}.Debug|Any CPU.Build.0 = Debug|Any CPU
		{FFD4E17C-8C92-4707-A3CE-758D71D3A1BB}.Release|Any CPU.ActiveCfg = Release|Any CPU
		{FFD4E17C-8C92-4707-A3CE-758D71D3A1BB}.Release|Any CPU.Build.0 = Release|Any CPU
	EndGlobalSection
	GlobalSection(SolutionProperties) = preSolution
		HideSolutionNode = FALSE
	EndGlobalSection
	GlobalSection(ExtensibilityGlobals) = postSolution
		SolutionGuid = {157FA69E-E343-4F8A-BDC0-585F172CFE3E}
	EndGlobalSection
EndGlobal
